
Microsoft Visual Studio Solution File, Format Version 12.00
# Visual Studio Version 18
VisualStudioVersion = 18.0.11222.15
MinimumVisualStudioVersion = 10.0.40219.1
Project("{FAE04EC0-301F-11D3-BF4B-00C04F79EFBC}") = "WpfApp1", "WpfApp1\WpfApp1.csproj", "{0019C892-2627-488A-AE1E-BBF9D8B807BF}"
EndProject
Global
	GlobalSection(SolutionConfigurationPlatforms) = preSolution
		Debug|Any CPU = Debug|Any CPU
		Release|Any CPU = Release|Any CPU
	EndGlobalSection
	GlobalSection(ProjectConfigurationPlatforms) = postSolution
		{0019C892-2627-488A-AE1E-BBF9D8B807BF}.Debug|Any CPU.ActiveCfg = Debug|Any CPU
		{0019C892-2627-488A-AE1E-BBF9D8B807BF}.Debug|Any CPU.Build.0 = Debug|Any CPU
		{0019C892-2627-488A-AE1E-BBF9D8B807BF}.Release|Any CPU.ActiveCfg = Release|Any CPU
		{0019C892-2627-488A-AE1E-BBF9D8B807BF}.Release|Any CPU.Build.0 = Release|Any CPU
	EndGlobalSection
	GlobalSection(SolutionProperties) = preSolution
		HideSolutionNode = FALSE
	EndGlobalSection
	GlobalSection(ExtensibilityGlobals) = postSolution
		SolutionGuid = {ECFB94C2-1B1E-4B1D-8266-4D5019E3EF7E}
	EndGlobalSection
EndGlobal
